// !$*UTF8*$!
{
	archiveVersion = 1;
	classes = {
	};
	objectVersion = 50;
	objects = {

/* Begin PBXBuildFile section */
		9103CA8F2641ACB800C05BEF /* LiveScoresViewController.swift in Sources */ = {isa = PBXBuildFile; fileRef = 9103CA8E2641ACB800C05BEF /* LiveScoresViewController.swift */; };
		9103CA932641B04E00C05BEF /* UIFont.swift in Sources */ = {isa = PBXBuildFile; fileRef = 9103CA922641B04E00C05BEF /* UIFont.swift */; };
		910A92632642FC5700668D6B /* Endpoint.swift in Sources */ = {isa = PBXBuildFile; fileRef = 910A92622642FC5700668D6B /* Endpoint.swift */; };
		910A9267264300D600668D6B /* NBAToday.swift in Sources */ = {isa = PBXBuildFile; fileRef = 910A9266264300D600668D6B /* NBAToday.swift */; };
		910A927726430E0E00668D6B /* NBATodayService.swift in Sources */ = {isa = PBXBuildFile; fileRef = 910A927626430E0E00668D6B /* NBATodayService.swift */; };
		910A927B264315A500668D6B /* today.json in Resources */ = {isa = PBXBuildFile; fileRef = 910A927A264315A500668D6B /* today.json */; };
		910A927F264315CC00668D6B /* NBATodayTests.swift in Sources */ = {isa = PBXBuildFile; fileRef = 910A927E264315CC00668D6B /* NBATodayTests.swift */; };
		912C0C512640DB9A00986B07 /* AppDelegate.swift in Sources */ = {isa = PBXBuildFile; fileRef = 912C0C502640DB9A00986B07 /* AppDelegate.swift */; };
		912C0C552640DB9A00986B07 /* BaseViewController.swift in Sources */ = {isa = PBXBuildFile; fileRef = 912C0C542640DB9A00986B07 /* BaseViewController.swift */; };
		912C0C5A2640DB9E00986B07 /* Assets.xcassets in Resources */ = {isa = PBXBuildFile; fileRef = 912C0C592640DB9E00986B07 /* Assets.xcassets */; };
		912C0C5D2640DB9E00986B07 /* LaunchScreen.storyboard in Resources */ = {isa = PBXBuildFile; fileRef = 912C0C5B2640DB9E00986B07 /* LaunchScreen.storyboard */; };
		915FFAA52644B1EE00000C8B /* CustomDateFormattersTests.swift in Sources */ = {isa = PBXBuildFile; fileRef = 915FFAA42644B1EE00000C8B /* CustomDateFormattersTests.swift */; };
		9190919D264441DF001EA3E1 /* URLSession.swift in Sources */ = {isa = PBXBuildFile; fileRef = 9190919C264441DF001EA3E1 /* URLSession.swift */; };
		919091A826444838001EA3E1 /* TeamLogoCacheManager.swift in Sources */ = {isa = PBXBuildFile; fileRef = 919091A726444838001EA3E1 /* TeamLogoCacheManager.swift */; };
		919B70DF2641C5A900E8FDF9 /* LiveScoreTableViewCell.swift in Sources */ = {isa = PBXBuildFile; fileRef = 919B70DE2641C5A900E8FDF9 /* LiveScoreTableViewCell.swift */; };
		919B70E32641CA0600E8FDF9 /* LiveScoreBoard.swift in Sources */ = {isa = PBXBuildFile; fileRef = 919B70E22641CA0600E8FDF9 /* LiveScoreBoard.swift */; };
		919B70E72641DA2600E8FDF9 /* LiveScoresService.swift in Sources */ = {isa = PBXBuildFile; fileRef = 919B70E62641DA2600E8FDF9 /* LiveScoresService.swift */; };
		919B70F52641E8B500E8FDF9 /* LiveScoreTests.swift in Sources */ = {isa = PBXBuildFile; fileRef = 919B70F42641E8B500E8FDF9 /* LiveScoreTests.swift */; };
		919B70F92641E8D600E8FDF9 /* livescores.json in Resources */ = {isa = PBXBuildFile; fileRef = 919B70F82641E8D600E8FDF9 /* livescores.json */; };
		919B71032641F1F600E8FDF9 /* APIError.swift in Sources */ = {isa = PBXBuildFile; fileRef = 919B71022641F1F600E8FDF9 /* APIError.swift */; };
		919B710926421D4100E8FDF9 /* CustomDateFormatters.swift in Sources */ = {isa = PBXBuildFile; fileRef = 919B710826421D4100E8FDF9 /* CustomDateFormatters.swift */; };
		919B8EEF2640E4CE00FC466B /* TeamsService.swift in Sources */ = {isa = PBXBuildFile; fileRef = 919B8EEE2640E4CE00FC466B /* TeamsService.swift */; };
		919B8EF32640E4F300FC466B /* Team.swift in Sources */ = {isa = PBXBuildFile; fileRef = 919B8EF22640E4F300FC466B /* Team.swift */; };
		919B8F20264101FF00FC466B /* NBATrackerTests.swift in Sources */ = {isa = PBXBuildFile; fileRef = 919B8F1F264101FF00FC466B /* NBATrackerTests.swift */; };
		919B8F2A2641026000FC466B /* teams.json in Resources */ = {isa = PBXBuildFile; fileRef = 919B8F292641026000FC466B /* teams.json */; };
		919B8F2F2641029500FC466B /* TeamTests.swift in Sources */ = {isa = PBXBuildFile; fileRef = 919B8F2E2641029500FC466B /* TeamTests.swift */; };
		919B8F3526410AEC00FC466B /* TeamsViewController.swift in Sources */ = {isa = PBXBuildFile; fileRef = 919B8F3426410AEC00FC466B /* TeamsViewController.swift */; };
		919B8F4426410FC800FC466B /* Constants.swift in Sources */ = {isa = PBXBuildFile; fileRef = 919B8F4326410FC800FC466B /* Constants.swift */; };
/* End PBXBuildFile section */

/* Begin PBXContainerItemProxy section */
		919B8F22264101FF00FC466B /* PBXContainerItemProxy */ = {
			isa = PBXContainerItemProxy;
			containerPortal = 912C0C452640DB9A00986B07 /* Project object */;
			proxyType = 1;
			remoteGlobalIDString = 912C0C4C2640DB9A00986B07;
			remoteInfo = NBATracker;
		};
/* End PBXContainerItemProxy section */

/* Begin PBXFileReference section */
		9103CA8E2641ACB800C05BEF /* LiveScoresViewController.swift */ = {isa = PBXFileReference; lastKnownFileType = sourcecode.swift; path = LiveScoresViewController.swift; sourceTree = "<group>"; };
		9103CA922641B04E00C05BEF /* UIFont.swift */ = {isa = PBXFileReference; lastKnownFileType = sourcecode.swift; path = UIFont.swift; sourceTree = "<group>"; };
		910A92622642FC5700668D6B /* Endpoint.swift */ = {isa = PBXFileReference; lastKnownFileType = sourcecode.swift; path = Endpoint.swift; sourceTree = "<group>"; };
		910A9266264300D600668D6B /* NBAToday.swift */ = {isa = PBXFileReference; lastKnownFileType = sourcecode.swift; path = NBAToday.swift; sourceTree = "<group>"; };
		910A927626430E0E00668D6B /* NBATodayService.swift */ = {isa = PBXFileReference; lastKnownFileType = sourcecode.swift; path = NBATodayService.swift; sourceTree = "<group>"; };
		910A927A264315A500668D6B /* today.json */ = {isa = PBXFileReference; lastKnownFileType = text.json; path = today.json; sourceTree = "<group>"; };
		910A927E264315CC00668D6B /* NBATodayTests.swift */ = {isa = PBXFileReference; lastKnownFileType = sourcecode.swift; path = NBATodayTests.swift; sourceTree = "<group>"; };
		912C0C4D2640DB9A00986B07 /* NBATracker.app */ = {isa = PBXFileReference; explicitFileType = wrapper.application; includeInIndex = 0; path = NBATracker.app; sourceTree = BUILT_PRODUCTS_DIR; };
		912C0C502640DB9A00986B07 /* AppDelegate.swift */ = {isa = PBXFileReference; lastKnownFileType = sourcecode.swift; path = AppDelegate.swift; sourceTree = "<group>"; };
		912C0C542640DB9A00986B07 /* BaseViewController.swift */ = {isa = PBXFileReference; lastKnownFileType = sourcecode.swift; path = BaseViewController.swift; sourceTree = "<group>"; };
		912C0C592640DB9E00986B07 /* Assets.xcassets */ = {isa = PBXFileReference; lastKnownFileType = folder.assetcatalog; path = Assets.xcassets; sourceTree = "<group>"; };
		912C0C5C2640DB9E00986B07 /* Base */ = {isa = PBXFileReference; lastKnownFileType = file.storyboard; name = Base; path = Base.lproj/LaunchScreen.storyboard; sourceTree = "<group>"; };
		912C0C5E2640DB9E00986B07 /* Info.plist */ = {isa = PBXFileReference; lastKnownFileType = text.plist.xml; path = Info.plist; sourceTree = "<group>"; };
		915FFAA42644B1EE00000C8B /* CustomDateFormattersTests.swift */ = {isa = PBXFileReference; lastKnownFileType = sourcecode.swift; path = CustomDateFormattersTests.swift; sourceTree = "<group>"; };
		9190919C264441DF001EA3E1 /* URLSession.swift */ = {isa = PBXFileReference; lastKnownFileType = sourcecode.swift; path = URLSession.swift; sourceTree = "<group>"; };
		919091A726444838001EA3E1 /* TeamLogoCacheManager.swift */ = {isa = PBXFileReference; lastKnownFileType = sourcecode.swift; path = TeamLogoCacheManager.swift; sourceTree = "<group>"; };
		919B70DE2641C5A900E8FDF9 /* LiveScoreTableViewCell.swift */ = {isa = PBXFileReference; lastKnownFileType = sourcecode.swift; path = LiveScoreTableViewCell.swift; sourceTree = "<group>"; };
		919B70E22641CA0600E8FDF9 /* LiveScoreBoard.swift */ = {isa = PBXFileReference; lastKnownFileType = sourcecode.swift; path = LiveScoreBoard.swift; sourceTree = "<group>"; };
		919B70E62641DA2600E8FDF9 /* LiveScoresService.swift */ = {isa = PBXFileReference; lastKnownFileType = sourcecode.swift; path = LiveScoresService.swift; sourceTree = "<group>"; };
		919B70F42641E8B500E8FDF9 /* LiveScoreTests.swift */ = {isa = PBXFileReference; lastKnownFileType = sourcecode.swift; path = LiveScoreTests.swift; sourceTree = "<group>"; };
		919B70F82641E8D600E8FDF9 /* livescores.json */ = {isa = PBXFileReference; lastKnownFileType = text.json; path = livescores.json; sourceTree = "<group>"; };
		919B71022641F1F600E8FDF9 /* APIError.swift */ = {isa = PBXFileReference; lastKnownFileType = sourcecode.swift; path = APIError.swift; sourceTree = "<group>"; };
		919B710826421D4100E8FDF9 /* CustomDateFormatters.swift */ = {isa = PBXFileReference; lastKnownFileType = sourcecode.swift; path = CustomDateFormatters.swift; sourceTree = "<group>"; };
		919B8EEE2640E4CE00FC466B /* TeamsService.swift */ = {isa = PBXFileReference; lastKnownFileType = sourcecode.swift; path = TeamsService.swift; sourceTree = "<group>"; };
		919B8EF22640E4F300FC466B /* Team.swift */ = {isa = PBXFileReference; lastKnownFileType = sourcecode.swift; path = Team.swift; sourceTree = "<group>"; };
		919B8F1D264101FF00FC466B /* NBATrackerTests.xctest */ = {isa = PBXFileReference; explicitFileType = wrapper.cfbundle; includeInIndex = 0; path = NBATrackerTests.xctest; sourceTree = BUILT_PRODUCTS_DIR; };
		919B8F1F264101FF00FC466B /* NBATrackerTests.swift */ = {isa = PBXFileReference; lastKnownFileType = sourcecode.swift; path = NBATrackerTests.swift; sourceTree = "<group>"; };
		919B8F21264101FF00FC466B /* Info.plist */ = {isa = PBXFileReference; lastKnownFileType = text.plist.xml; path = Info.plist; sourceTree = "<group>"; };
		919B8F292641026000FC466B /* teams.json */ = {isa = PBXFileReference; lastKnownFileType = text.json; path = teams.json; sourceTree = "<group>"; };
		919B8F2E2641029500FC466B /* TeamTests.swift */ = {isa = PBXFileReference; lastKnownFileType = sourcecode.swift; path = TeamTests.swift; sourceTree = "<group>"; };
		919B8F3426410AEC00FC466B /* TeamsViewController.swift */ = {isa = PBXFileReference; lastKnownFileType = sourcecode.swift; path = TeamsViewController.swift; sourceTree = "<group>"; };
		919B8F4326410FC800FC466B /* Constants.swift */ = {isa = PBXFileReference; lastKnownFileType = sourcecode.swift; path = Constants.swift; sourceTree = "<group>"; };
/* End PBXFileReference section */

/* Begin PBXFrameworksBuildPhase section */
		912C0C4A2640DB9A00986B07 /* Frameworks */ = {
			isa = PBXFrameworksBuildPhase;
			buildActionMask = 2147483647;
			files = (
			);
			runOnlyForDeploymentPostprocessing = 0;
		};
		919B8F1A264101FF00FC466B /* Frameworks */ = {
			isa = PBXFrameworksBuildPhase;
			buildActionMask = 2147483647;
			files = (
			);
			runOnlyForDeploymentPostprocessing = 0;
		};
/* End PBXFrameworksBuildPhase section */

/* Begin PBXGroup section */
		912C0C442640DB9A00986B07 = {
			isa = PBXGroup;
			children = (
				912C0C4F2640DB9A00986B07 /* NBATracker */,
				919B8F1E264101FF00FC466B /* NBATrackerTests */,
				912C0C4E2640DB9A00986B07 /* Products */,
			);
			sourceTree = "<group>";
		};
		912C0C4E2640DB9A00986B07 /* Products */ = {
			isa = PBXGroup;
			children = (
				912C0C4D2640DB9A00986B07 /* NBATracker.app */,
				919B8F1D264101FF00FC466B /* NBATrackerTests.xctest */,
			);
			name = Products;
			sourceTree = "<group>";
		};
		912C0C4F2640DB9A00986B07 /* NBATracker */ = {
			isa = PBXGroup;
			children = (
				912C0C502640DB9A00986B07 /* AppDelegate.swift */,
				919B8EED2640E04D00FC466B /* Extensions */,
				919091A026444229001EA3E1 /* Helper */,
				919B8EEC2640E03700FC466B /* Models */,
				919B8EEA2640E02600FC466B /* Views */,
				919B8EEB2640E03000FC466B /* Controllers */,
				919B8EE92640E00E00FC466B /* Services */,
				919B8EF52640E78B00FC466B /* Resources */,
				912C0C592640DB9E00986B07 /* Assets.xcassets */,
				912C0C5E2640DB9E00986B07 /* Info.plist */,
			);
			path = NBATracker;
			sourceTree = "<group>";
		};
		919091A026444229001EA3E1 /* Helper */ = {
			isa = PBXGroup;
			children = (
				919B71022641F1F600E8FDF9 /* APIError.swift */,
				919B8F4326410FC800FC466B /* Constants.swift */,
				919B710826421D4100E8FDF9 /* CustomDateFormatters.swift */,
				910A92622642FC5700668D6B /* Endpoint.swift */,
			);
			name = Helper;
			sourceTree = "<group>";
		};
		919B8EE92640E00E00FC466B /* Services */ = {
			isa = PBXGroup;
			children = (
				919B70E62641DA2600E8FDF9 /* LiveScoresService.swift */,
				910A927626430E0E00668D6B /* NBATodayService.swift */,
				919B8EEE2640E4CE00FC466B /* TeamsService.swift */,
				919091A726444838001EA3E1 /* TeamLogoCacheManager.swift */,
			);
			name = Services;
			sourceTree = "<group>";
		};
		919B8EEA2640E02600FC466B /* Views */ = {
			isa = PBXGroup;
			children = (
				912C0C5B2640DB9E00986B07 /* LaunchScreen.storyboard */,
				919B70DE2641C5A900E8FDF9 /* LiveScoreTableViewCell.swift */,
			);
			name = Views;
			sourceTree = "<group>";
		};
		919B8EEB2640E03000FC466B /* Controllers */ = {
			isa = PBXGroup;
			children = (
				912C0C542640DB9A00986B07 /* BaseViewController.swift */,
				9103CA8E2641ACB800C05BEF /* LiveScoresViewController.swift */,
				919B8F3426410AEC00FC466B /* TeamsViewController.swift */,
			);
			name = Controllers;
			sourceTree = "<group>";
		};
		919B8EEC2640E03700FC466B /* Models */ = {
			isa = PBXGroup;
			children = (
				919B70E22641CA0600E8FDF9 /* LiveScoreBoard.swift */,
				910A9266264300D600668D6B /* NBAToday.swift */,
				919B8EF22640E4F300FC466B /* Team.swift */,
			);
			name = Models;
			sourceTree = "<group>";
		};
		919B8EED2640E04D00FC466B /* Extensions */ = {
			isa = PBXGroup;
			children = (
				9103CA922641B04E00C05BEF /* UIFont.swift */,
				9190919C264441DF001EA3E1 /* URLSession.swift */,
			);
			name = Extensions;
			sourceTree = "<group>";
		};
		919B8EF52640E78B00FC466B /* Resources */ = {
			isa = PBXGroup;
			children = (
			);
			name = Resources;
			sourceTree = "<group>";
		};
		919B8F1E264101FF00FC466B /* NBATrackerTests */ = {
			isa = PBXGroup;
			children = (
				919B8F2D2641027C00FC466B /* fixtures */,
				919B8F1F264101FF00FC466B /* NBATrackerTests.swift */,
				919B8F21264101FF00FC466B /* Info.plist */,
				919B70F42641E8B500E8FDF9 /* LiveScoreTests.swift */,
				910A927E264315CC00668D6B /* NBATodayTests.swift */,
				919B8F2E2641029500FC466B /* TeamTests.swift */,
				915FFAA42644B1EE00000C8B /* CustomDateFormattersTests.swift */,
			);
			path = NBATrackerTests;
			sourceTree = "<group>";
		};
		919B8F2D2641027C00FC466B /* fixtures */ = {
			isa = PBXGroup;
			children = (
				919B8F292641026000FC466B /* teams.json */,
				919B70F82641E8D600E8FDF9 /* livescores.json */,
				910A927A264315A500668D6B /* today.json */,
			);
			path = fixtures;
			sourceTree = "<group>";
		};
/* End PBXGroup section */

/* Begin PBXNativeTarget section */
		912C0C4C2640DB9A00986B07 /* NBATracker */ = {
			isa = PBXNativeTarget;
			buildConfigurationList = 912C0C612640DB9E00986B07 /* Build configuration list for PBXNativeTarget "NBATracker" */;
			buildPhases = (
				912C0C492640DB9A00986B07 /* Sources */,
				910A92712643045500668D6B /* ShellScript */,
				912C0C4A2640DB9A00986B07 /* Frameworks */,
				912C0C4B2640DB9A00986B07 /* Resources */,
			);
			buildRules = (
			);
			dependencies = (
			);
			name = NBATracker;
			productName = NBATracker;
			productReference = 912C0C4D2640DB9A00986B07 /* NBATracker.app */;
			productType = "com.apple.product-type.application";
		};
		919B8F1C264101FF00FC466B /* NBATrackerTests */ = {
			isa = PBXNativeTarget;
			buildConfigurationList = 919B8F24264101FF00FC466B /* Build configuration list for PBXNativeTarget "NBATrackerTests" */;
			buildPhases = (
				919B8F19264101FF00FC466B /* Sources */,
				919B8F1A264101FF00FC466B /* Frameworks */,
				919B8F1B264101FF00FC466B /* Resources */,
			);
			buildRules = (
			);
			dependencies = (
				919B8F23264101FF00FC466B /* PBXTargetDependency */,
			);
			name = NBATrackerTests;
			productName = NBATrackerTests;
			productReference = 919B8F1D264101FF00FC466B /* NBATrackerTests.xctest */;
			productType = "com.apple.product-type.bundle.unit-test";
		};
/* End PBXNativeTarget section */

/* Begin PBXProject section */
		912C0C452640DB9A00986B07 /* Project object */ = {
			isa = PBXProject;
			attributes = {
				LastSwiftUpdateCheck = 1240;
				LastUpgradeCheck = 1240;
				TargetAttributes = {
					912C0C4C2640DB9A00986B07 = {
						CreatedOnToolsVersion = 12.4;
					};
					919B8F1C264101FF00FC466B = {
						CreatedOnToolsVersion = 12.4;
						TestTargetID = 912C0C4C2640DB9A00986B07;
					};
				};
			};
			buildConfigurationList = 912C0C482640DB9A00986B07 /* Build configuration list for PBXProject "NBATracker" */;
			compatibilityVersion = "Xcode 9.3";
			developmentRegion = en;
			hasScannedForEncodings = 0;
			knownRegions = (
				en,
				Base,
			);
			mainGroup = 912C0C442640DB9A00986B07;
			productRefGroup = 912C0C4E2640DB9A00986B07 /* Products */;
			projectDirPath = "";
			projectRoot = "";
			targets = (
				912C0C4C2640DB9A00986B07 /* NBATracker */,
				919B8F1C264101FF00FC466B /* NBATrackerTests */,
			);
		};
/* End PBXProject section */

/* Begin PBXResourcesBuildPhase section */
		912C0C4B2640DB9A00986B07 /* Resources */ = {
			isa = PBXResourcesBuildPhase;
			buildActionMask = 2147483647;
			files = (
				912C0C5D2640DB9E00986B07 /* LaunchScreen.storyboard in Resources */,
				912C0C5A2640DB9E00986B07 /* Assets.xcassets in Resources */,
			);
			runOnlyForDeploymentPostprocessing = 0;
		};
		919B8F1B264101FF00FC466B /* Resources */ = {
			isa = PBXResourcesBuildPhase;
			buildActionMask = 2147483647;
			files = (
				919B70F92641E8D600E8FDF9 /* livescores.json in Resources */,
				910A927B264315A500668D6B /* today.json in Resources */,
				919B8F2A2641026000FC466B /* teams.json in Resources */,
			);
			runOnlyForDeploymentPostprocessing = 0;
		};
/* End PBXResourcesBuildPhase section */

/* Begin PBXShellScriptBuildPhase section */
		910A92712643045500668D6B /* ShellScript */ = {
			isa = PBXShellScriptBuildPhase;
			buildActionMask = 2147483647;
			files = (
			);
			inputFileListPaths = (
			);
			inputPaths = (
			);
			outputFileListPaths = (
			);
			outputPaths = (
			);
			runOnlyForDeploymentPostprocessing = 0;
			shellPath = /bin/sh;
			shellScript = "TAGS=\"TODO:|FIXME:\"\nERRORTAG=\"ERROR:\"\nfind \"${SRCROOT}\" \\( -name \"*.h\" -or -name \"*.m\" -or -name \"*.swift\" \\) -print0 | xargs -0 egrep --with-filename --line-number --only-matching \"($TAGS).*\\$|($ERRORTAG).*\\$\" | perl -p -e \"s/($TAGS)/ warning: \\$1/\" | perl -p -e \"s/($ERRORTAG)/ error: \\$1/\"\n";
		};
/* End PBXShellScriptBuildPhase section */

/* Begin PBXSourcesBuildPhase section */
		912C0C492640DB9A00986B07 /* Sources */ = {
			isa = PBXSourcesBuildPhase;
			buildActionMask = 2147483647;
			files = (
				910A92632642FC5700668D6B /* Endpoint.swift in Sources */,
				919B8EEF2640E4CE00FC466B /* TeamsService.swift in Sources */,
				912C0C552640DB9A00986B07 /* BaseViewController.swift in Sources */,
				910A927726430E0E00668D6B /* NBATodayService.swift in Sources */,
				9103CA932641B04E00C05BEF /* UIFont.swift in Sources */,
				912C0C512640DB9A00986B07 /* AppDelegate.swift in Sources */,
				919B8EF32640E4F300FC466B /* Team.swift in Sources */,
				919B71032641F1F600E8FDF9 /* APIError.swift in Sources */,
				9103CA8F2641ACB800C05BEF /* LiveScoresViewController.swift in Sources */,
				910A9267264300D600668D6B /* NBAToday.swift in Sources */,
				919B70E32641CA0600E8FDF9 /* LiveScoreBoard.swift in Sources */,
				919B710926421D4100E8FDF9 /* CustomDateFormatters.swift in Sources */,
				919B70DF2641C5A900E8FDF9 /* LiveScoreTableViewCell.swift in Sources */,
				9190919D264441DF001EA3E1 /* URLSession.swift in Sources */,
				919091A826444838001EA3E1 /* TeamLogoCacheManager.swift in Sources */,
				919B8F4426410FC800FC466B /* Constants.swift in Sources */,
				919B70E72641DA2600E8FDF9 /* LiveScoresService.swift in Sources */,
				919B8F3526410AEC00FC466B /* TeamsViewController.swift in Sources */,
			);
			runOnlyForDeploymentPostprocessing = 0;
		};
		919B8F19264101FF00FC466B /* Sources */ = {
			isa = PBXSourcesBuildPhase;
			buildActionMask = 2147483647;
			files = (
				919B8F2F2641029500FC466B /* TeamTests.swift in Sources */,
				919B70F52641E8B500E8FDF9 /* LiveScoreTests.swift in Sources */,
				915FFAA52644B1EE00000C8B /* CustomDateFormattersTests.swift in Sources */,
				919B8F20264101FF00FC466B /* NBATrackerTests.swift in Sources */,
				910A927F264315CC00668D6B /* NBATodayTests.swift in Sources */,
			);
			runOnlyForDeploymentPostprocessing = 0;
		};
/* End PBXSourcesBuildPhase section */

/* Begin PBXTargetDependency section */
		919B8F23264101FF00FC466B /* PBXTargetDependency */ = {
			isa = PBXTargetDependency;
			target = 912C0C4C2640DB9A00986B07 /* NBATracker */;
			targetProxy = 919B8F22264101FF00FC466B /* PBXContainerItemProxy */;
		};
/* End PBXTargetDependency section */

/* Begin PBXVariantGroup section */
		912C0C5B2640DB9E00986B07 /* LaunchScreen.storyboard */ = {
			isa = PBXVariantGroup;
			children = (
				912C0C5C2640DB9E00986B07 /* Base */,
			);
			name = LaunchScreen.storyboard;
			sourceTree = "<group>";
		};
/* End PBXVariantGroup section */

/* Begin XCBuildConfiguration section */
		912C0C5F2640DB9E00986B07 /* Debug */ = {
			isa = XCBuildConfiguration;
			buildSettings = {
				ALWAYS_SEARCH_USER_PATHS = NO;
				CLANG_ANALYZER_NONNULL = YES;
				CLANG_ANALYZER_NUMBER_OBJECT_CONVERSION = YES_AGGRESSIVE;
				CLANG_CXX_LANGUAGE_STANDARD = "gnu++14";
				CLANG_CXX_LIBRARY = "libc++";
				CLANG_ENABLE_MODULES = YES;
				CLANG_ENABLE_OBJC_ARC = YES;
				CLANG_ENABLE_OBJC_WEAK = YES;
				CLANG_WARN_BLOCK_CAPTURE_AUTORELEASING = YES;
				CLANG_WARN_BOOL_CONVERSION = YES;
				CLANG_WARN_COMMA = YES;
				CLANG_WARN_CONSTANT_CONVERSION = YES;
				CLANG_WARN_DEPRECATED_OBJC_IMPLEMENTATIONS = YES;
				CLANG_WARN_DIRECT_OBJC_ISA_USAGE = YES_ERROR;
				CLANG_WARN_DOCUMENTATION_COMMENTS = YES;
				CLANG_WARN_EMPTY_BODY = YES;
				CLANG_WARN_ENUM_CONVERSION = YES;
				CLANG_WARN_INFINITE_RECURSION = YES;
				CLANG_WARN_INT_CONVERSION = YES;
				CLANG_WARN_NON_LITERAL_NULL_CONVERSION = YES;
				CLANG_WARN_OBJC_IMPLICIT_RETAIN_SELF = YES;
				CLANG_WARN_OBJC_LITERAL_CONVERSION = YES;
				CLANG_WARN_OBJC_ROOT_CLASS = YES_ERROR;
				CLANG_WARN_QUOTED_INCLUDE_IN_FRAMEWORK_HEADER = YES;
				CLANG_WARN_RANGE_LOOP_ANALYSIS = YES;
				CLANG_WARN_STRICT_PROTOTYPES = YES;
				CLANG_WARN_SUSPICIOUS_MOVE = YES;
				CLANG_WARN_UNGUARDED_AVAILABILITY = YES_AGGRESSIVE;
				CLANG_WARN_UNREACHABLE_CODE = YES;
				CLANG_WARN__DUPLICATE_METHOD_MATCH = YES;
				COPY_PHASE_STRIP = NO;
				DEBUG_INFORMATION_FORMAT = dwarf;
				ENABLE_STRICT_OBJC_MSGSEND = YES;
				ENABLE_TESTABILITY = YES;
				GCC_C_LANGUAGE_STANDARD = gnu11;
				GCC_DYNAMIC_NO_PIC = NO;
				GCC_NO_COMMON_BLOCKS = YES;
				GCC_OPTIMIZATION_LEVEL = 0;
				GCC_PREPROCESSOR_DEFINITIONS = (
					"DEBUG=1",
					"$(inherited)",
				);
				GCC_WARN_64_TO_32_BIT_CONVERSION = YES;
				GCC_WARN_ABOUT_RETURN_TYPE = YES_ERROR;
				GCC_WARN_UNDECLARED_SELECTOR = YES;
				GCC_WARN_UNINITIALIZED_AUTOS = YES_AGGRESSIVE;
				GCC_WARN_UNUSED_FUNCTION = YES;
				GCC_WARN_UNUSED_VARIABLE = YES;
				IPHONEOS_DEPLOYMENT_TARGET = 14.4;
				MTL_ENABLE_DEBUG_INFO = INCLUDE_SOURCE;
				MTL_FAST_MATH = YES;
				ONLY_ACTIVE_ARCH = YES;
				SDKROOT = iphoneos;
				SWIFT_ACTIVE_COMPILATION_CONDITIONS = DEBUG;
				SWIFT_OPTIMIZATION_LEVEL = "-Onone";
			};
			name = Debug;
		};
		912C0C602640DB9E00986B07 /* Release */ = {
			isa = XCBuildConfiguration;
			buildSettings = {
				ALWAYS_SEARCH_USER_PATHS = NO;
				CLANG_ANALYZER_NONNULL = YES;
				CLANG_ANALYZER_NUMBER_OBJECT_CONVERSION = YES_AGGRESSIVE;
				CLANG_CXX_LANGUAGE_STANDARD = "gnu++14";
				CLANG_CXX_LIBRARY = "libc++";
				CLANG_ENABLE_MODULES = YES;
				CLANG_ENABLE_OBJC_ARC = YES;
				CLANG_ENABLE_OBJC_WEAK = YES;
				CLANG_WARN_BLOCK_CAPTURE_AUTORELEASING = YES;
				CLANG_WARN_BOOL_CONVERSION = YES;
				CLANG_WARN_COMMA = YES;
				CLANG_WARN_CONSTANT_CONVERSION = YES;
				CLANG_WARN_DEPRECATED_OBJC_IMPLEMENTATIONS = YES;
				CLANG_WARN_DIRECT_OBJC_ISA_USAGE = YES_ERROR;
				CLANG_WARN_DOCUMENTATION_COMMENTS = YES;
				CLANG_WARN_EMPTY_BODY = YES;
				CLANG_WARN_ENUM_CONVERSION = YES;
				CLANG_WARN_INFINITE_RECURSION = YES;
				CLANG_WARN_INT_CONVERSION = YES;
				CLANG_WARN_NON_LITERAL_NULL_CONVERSION = YES;
				CLANG_WARN_OBJC_IMPLICIT_RETAIN_SELF = YES;
				CLANG_WARN_OBJC_LITERAL_CONVERSION = YES;
				CLANG_WARN_OBJC_ROOT_CLASS = YES_ERROR;
				CLANG_WARN_QUOTED_INCLUDE_IN_FRAMEWORK_HEADER = YES;
				CLANG_WARN_RANGE_LOOP_ANALYSIS = YES;
				CLANG_WARN_STRICT_PROTOTYPES = YES;
				CLANG_WARN_SUSPICIOUS_MOVE = YES;
				CLANG_WARN_UNGUARDED_AVAILABILITY = YES_AGGRESSIVE;
				CLANG_WARN_UNREACHABLE_CODE = YES;
				CLANG_WARN__DUPLICATE_METHOD_MATCH = YES;
				COPY_PHASE_STRIP = NO;
				DEBUG_INFORMATION_FORMAT = "dwarf-with-dsym";
				ENABLE_NS_ASSERTIONS = NO;
				ENABLE_STRICT_OBJC_MSGSEND = YES;
				GCC_C_LANGUAGE_STANDARD = gnu11;
				GCC_NO_COMMON_BLOCKS = YES;
				GCC_WARN_64_TO_32_BIT_CONVERSION = YES;
				GCC_WARN_ABOUT_RETURN_TYPE = YES_ERROR;
				GCC_WARN_UNDECLARED_SELECTOR = YES;
				GCC_WARN_UNINITIALIZED_AUTOS = YES_AGGRESSIVE;
				GCC_WARN_UNUSED_FUNCTION = YES;
				GCC_WARN_UNUSED_VARIABLE = YES;
				IPHONEOS_DEPLOYMENT_TARGET = 14.4;
				MTL_ENABLE_DEBUG_INFO = NO;
				MTL_FAST_MATH = YES;
				SDKROOT = iphoneos;
				SWIFT_COMPILATION_MODE = wholemodule;
				SWIFT_OPTIMIZATION_LEVEL = "-O";
				VALIDATE_PRODUCT = YES;
			};
			name = Release;
		};
		912C0C622640DB9E00986B07 /* Debug */ = {
			isa = XCBuildConfiguration;
			buildSettings = {
				ASSETCATALOG_COMPILER_APPICON_NAME = AppIcon;
				ASSETCATALOG_COMPILER_GLOBAL_ACCENT_COLOR_NAME = AccentColor;
				CODE_SIGN_STYLE = Automatic;
				DEVELOPMENT_TEAM = 5QGY9F3547;
				INFOPLIST_FILE = NBATracker/Info.plist;
				LD_RUNPATH_SEARCH_PATHS = (
					"$(inherited)",
					"@executable_path/Frameworks",
				);
				PRODUCT_BUNDLE_IDENTIFIER = com.camillebourbonnais.NBATracker;
				PRODUCT_NAME = "$(TARGET_NAME)";
				SWIFT_VERSION = 5.0;
				TARGETED_DEVICE_FAMILY = "1,2";
			};
			name = Debug;
		};
		912C0C632640DB9E00986B07 /* Release */ = {
			isa = XCBuildConfiguration;
			buildSettings = {
				ASSETCATALOG_COMPILER_APPICON_NAME = AppIcon;
				ASSETCATALOG_COMPILER_GLOBAL_ACCENT_COLOR_NAME = AccentColor;
				CODE_SIGN_STYLE = Automatic;
				DEVELOPMENT_TEAM = 5QGY9F3547;
				INFOPLIST_FILE = NBATracker/Info.plist;
				LD_RUNPATH_SEARCH_PATHS = (
					"$(inherited)",
					"@executable_path/Frameworks",
				);
				PRODUCT_BUNDLE_IDENTIFIER = com.camillebourbonnais.NBATracker;
				PRODUCT_NAME = "$(TARGET_NAME)";
				SWIFT_VERSION = 5.0;
				TARGETED_DEVICE_FAMILY = "1,2";
			};
			name = Release;
		};
		919B8F25264101FF00FC466B /* Debug */ = {
			isa = XCBuildConfiguration;
			buildSettings = {
				BUNDLE_LOADER = "$(TEST_HOST)";
				CODE_SIGN_STYLE = Automatic;
				DEVELOPMENT_TEAM = 5QGY9F3547;
				INFOPLIST_FILE = NBATrackerTests/Info.plist;
				LD_RUNPATH_SEARCH_PATHS = (
					"$(inherited)",
					"@executable_path/Frameworks",
					"@loader_path/Frameworks",
				);
				PRODUCT_BUNDLE_IDENTIFIER = com.camillebourbonnais.NBATrackerTests;
				PRODUCT_NAME = "$(TARGET_NAME)";
				SWIFT_VERSION = 5.0;
				TARGETED_DEVICE_FAMILY = "1,2";
				TEST_HOST = "$(BUILT_PRODUCTS_DIR)/NBATracker.app/NBATracker";
			};
			name = Debug;
		};
		919B8F26264101FF00FC466B /* Release */ = {
			isa = XCBuildConfiguration;
			buildSettings = {
				BUNDLE_LOADER = "$(TEST_HOST)";
				CODE_SIGN_STYLE = Automatic;
				DEVELOPMENT_TEAM = 5QGY9F3547;
				INFOPLIST_FILE = NBATrackerTests/Info.plist;
				LD_RUNPATH_SEARCH_PATHS = (
					"$(inherited)",
					"@executable_path/Frameworks",
					"@loader_path/Frameworks",
				);
				PRODUCT_BUNDLE_IDENTIFIER = com.camillebourbonnais.NBATrackerTests;
				PRODUCT_NAME = "$(TARGET_NAME)";
				SWIFT_VERSION = 5.0;
				TARGETED_DEVICE_FAMILY = "1,2";
				TEST_HOST = "$(BUILT_PRODUCTS_DIR)/NBATracker.app/NBATracker";
			};
			name = Release;
		};
/* End XCBuildConfiguration section */

/* Begin XCConfigurationList section */
		912C0C482640DB9A00986B07 /* Build configuration list for PBXProject "NBATracker" */ = {
			isa = XCConfigurationList;
			buildConfigurations = (
				912C0C5F2640DB9E00986B07 /* Debug */,
				912C0C602640DB9E00986B07 /* Release */,
			);
			defaultConfigurationIsVisible = 0;
			defaultConfigurationName = Release;
		};
		912C0C612640DB9E00986B07 /* Build configuration list for PBXNativeTarget "NBATracker" */ = {
			isa = XCConfigurationList;
			buildConfigurations = (
				912C0C622640DB9E00986B07 /* Debug */,
				912C0C632640DB9E00986B07 /* Release */,
			);
			defaultConfigurationIsVisible = 0;
			defaultConfigurationName = Release;
		};
		919B8F24264101FF00FC466B /* Build configuration list for PBXNativeTarget "NBATrackerTests" */ = {
			isa = XCConfigurationList;
			buildConfigurations = (
				919B8F25264101FF00FC466B /* Debug */,
				919B8F26264101FF00FC466B /* Release */,
			);
			defaultConfigurationIsVisible = 0;
			defaultConfigurationName = Release;
		};
/* End XCConfigurationList section */
	};
	rootObject = 912C0C452640DB9A00986B07 /* Project object */;
}
